
Microsoft Visual Studio Solution File, Format Version 12.00
# Visual Studio Version 16
VisualStudioVersion = 16.0.31321.278
MinimumVisualStudioVersion = 10.0.40219.1
Project("{FAE04EC0-301F-11D3-BF4B-00C04F79EFBC}") = "activity", "activity\activity.csproj", "{4AA567E9-AD4C-4984-B2F5-01DBE9F3D5D0}"
EndProject
Global
	GlobalSection(SolutionConfigurationPlatforms) = preSolution
		Debug|Any CPU = Debug|Any CPU
		Release|Any CPU = Release|Any CPU
	EndGlobalSection
	GlobalSection(ProjectConfigurationPlatforms) = postSolution
		{4AA567E9-AD4C-4984-B2F5-01DBE9F3D5D0}.Debug|Any CPU.ActiveCfg = Debug|Any CPU
		{4AA567E9-AD4C-4984-B2F5-01DBE9F3D5D0}.Debug|Any CPU.Build.0 = Debug|Any CPU
		{4AA567E9-AD4C-4984-B2F5-01DBE9F3D5D0}.Release|Any CPU.ActiveCfg = Release|Any CPU
		{4AA567E9-AD4C-4984-B2F5-01DBE9F3D5D0}.Release|Any CPU.Build.0 = Release|Any CPU
	EndGlobalSection
	GlobalSection(SolutionProperties) = preSolution
		HideSolutionNode = FALSE
	EndGlobalSection
	GlobalSection(ExtensibilityGlobals) = postSolution
		SolutionGuid = {DEA3884C-EA78-4589-B4B4-6285615F3535}
	EndGlobalSection
EndGlobal
